
Microsoft Visual Studio Solution File, Format Version 12.00
# Visual Studio 15
VisualStudioVersion = 15.0.28307.1585
MinimumVisualStudioVersion = 10.0.40219.1
Project("{FAE04EC0-301F-11D3-BF4B-00C04F79EFBC}") = "HeraSatis.Entities", "HeraSatis.Entities\HeraSatis.Entities.csproj", "{872E6AFA-CA38-465B-A170-1A02D4297BF4}"
EndProject
Project("{FAE04EC0-301F-11D3-BF4B-00C04F79EFBC}") = "HeraSatis.BackOffice", "HeraSatis.BackOffice\HeraSatis.BackOffice.csproj", "{C0CED4C1-8C84-41D3-9E6F-1AA8450FF341}"
EndProject
Project("{FAE04EC0-301F-11D3-BF4B-00C04F79EFBC}") = "HeraSatis.FrontOffice", "HeraSatis.FrontOffice\HeraSatis.FrontOffice.csproj", "{7FC73AAA-315F-4A0F-8A59-C8346B681C0F}"
EndProject
Global
	GlobalSection(SolutionConfigurationPlatforms) = preSolution
		Debug|Any CPU = Debug|Any CPU
		Release|Any CPU = Release|Any CPU
	EndGlobalSection
	GlobalSection(ProjectConfigurationPlatforms) = postSolution
		{872E6AFA-CA38-465B-A170-1A02D4297BF4}.Debug|Any CPU.ActiveCfg = Debug|Any CPU
		{872E6AFA-CA38-465B-A170-1A02D4297BF4}.Debug|Any CPU.Build.0 = Debug|Any CPU
		{872E6AFA-CA38-465B-A170-1A02D4297BF4}.Release|Any CPU.ActiveCfg = Release|Any CPU
		{872E6AFA-CA38-465B-A170-1A02D4297BF4}.Release|Any CPU.Build.0 = Release|Any CPU
		{C0CED4C1-8C84-41D3-9E6F-1AA8450FF341}.Debug|Any CPU.ActiveCfg = Debug|Any CPU
		{C0CED4C1-8C84-41D3-9E6F-1AA8450FF341}.Debug|Any CPU.Build.0 = Debug|Any CPU
		{C0CED4C1-8C84-41D3-9E6F-1AA8450FF341}.Release|Any CPU.ActiveCfg = Release|Any CPU
		{C0CED4C1-8C84-41D3-9E6F-1AA8450FF341}.Release|Any CPU.Build.0 = Release|Any CPU
		{7FC73AAA-315F-4A0F-8A59-C8346B681C0F}.Debug|Any CPU.ActiveCfg = Debug|Any CPU
		{7FC73AAA-315F-4A0F-8A59-C8346B681C0F}.Debug|Any CPU.Build.0 = Debug|Any CPU
		{7FC73AAA-315F-4A0F-8A59-C8346B681C0F}.Release|Any CPU.ActiveCfg = Release|Any CPU
		{7FC73AAA-315F-4A0F-8A59-C8346B681C0F}.Release|Any CPU.Build.0 = Release|Any CPU
	EndGlobalSection
	GlobalSection(SolutionProperties) = preSolution
		HideSolutionNode = FALSE
	EndGlobalSection
	GlobalSection(ExtensibilityGlobals) = postSolution
		SolutionGuid = {78CEA707-1040-480E-98C8-92DE0F454B15}
	EndGlobalSection
EndGlobal
